
Microsoft Visual Studio Solution File, Format Version 12.00
# Visual Studio 15
VisualStudioVersion = 15.0.28307.1145
MinimumVisualStudioVersion = 10.0.40219.1
Project("{FAE04EC0-301F-11D3-BF4B-00C04F79EFBC}") = "QuanLyKho041", "QuanLyKho041\QuanLyKho041.csproj", "{98FE3C20-0CB7-41C5-B362-C82C213117D3}"
EndProject
Project("{FAE04EC0-301F-11D3-BF4B-00C04F79EFBC}") = "BLL", "BLL\BLL.csproj", "{4C11DAA7-5DDF-4831-82A2-FA866E573F8C}"
EndProject
Project("{FAE04EC0-301F-11D3-BF4B-00C04F79EFBC}") = "DAL", "DAL\DAL.csproj", "{D3A3028E-FCA0-490C-A299-F2E0866F24A8}"
EndProject
Global
	GlobalSection(SolutionConfigurationPlatforms) = preSolution
		Debug|Any CPU = Debug|Any CPU
		Release|Any CPU = Release|Any CPU
	EndGlobalSection
	GlobalSection(ProjectConfigurationPlatforms) = postSolution
		{98FE3C20-0CB7-41C5-B362-C82C213117D3}.Debug|Any CPU.ActiveCfg = Debug|Any CPU
		{98FE3C20-0CB7-41C5-B362-C82C213117D3}.Debug|Any CPU.Build.0 = Debug|Any CPU
		{98FE3C20-0CB7-41C5-B362-C82C213117D3}.Release|Any CPU.ActiveCfg = Release|Any CPU
		{98FE3C20-0CB7-41C5-B362-C82C213117D3}.Release|Any CPU.Build.0 = Release|Any CPU
		{4C11DAA7-5DDF-4831-82A2-FA866E573F8C}.Debug|Any CPU.ActiveCfg = Debug|Any CPU
		{4C11DAA7-5DDF-4831-82A2-FA866E573F8C}.Debug|Any CPU.Build.0 = Debug|Any CPU
		{4C11DAA7-5DDF-4831-82A2-FA866E573F8C}.Release|Any CPU.ActiveCfg = Release|Any CPU
		{4C11DAA7-5DDF-4831-82A2-FA866E573F8C}.Release|Any CPU.Build.0 = Release|Any CPU
		{D3A3028E-FCA0-490C-A299-F2E0866F24A8}.Debug|Any CPU.ActiveCfg = Debug|Any CPU
		{D3A3028E-FCA0-490C-A299-F2E0866F24A8}.Debug|Any CPU.Build.0 = Debug|Any CPU
		{D3A3028E-FCA0-490C-A299-F2E0866F24A8}.Release|Any CPU.ActiveCfg = Release|Any CPU
		{D3A3028E-FCA0-490C-A299-F2E0866F24A8}.Release|Any CPU.Build.0 = Release|Any CPU
	EndGlobalSection
	GlobalSection(SolutionProperties) = preSolution
		HideSolutionNode = FALSE
	EndGlobalSection
	GlobalSection(ExtensibilityGlobals) = postSolution
		SolutionGuid = {95C0E873-F565-4276-A166-D96214D7FADF}
	EndGlobalSection
EndGlobal
